
Microsoft Visual Studio Solution File, Format Version 12.00
# Visual Studio Version 16
VisualStudioVersion = 16.0.31402.337
MinimumVisualStudioVersion = 10.0.40219.1
Project("{FAE04EC0-301F-11D3-BF4B-00C04F79EFBC}") = "Proyecto web", "Proyecto web.csproj", "{9832D7D3-0271-4F33-AFF2-4A06C4F2A239}"
EndProject
Global
	GlobalSection(SolutionConfigurationPlatforms) = preSolution
		Debug|Any CPU = Debug|Any CPU
		Release|Any CPU = Release|Any CPU
	EndGlobalSection
	GlobalSection(ProjectConfigurationPlatforms) = postSolution
		{9832D7D3-0271-4F33-AFF2-4A06C4F2A239}.Debug|Any CPU.ActiveCfg = Debug|Any CPU
		{9832D7D3-0271-4F33-AFF2-4A06C4F2A239}.Debug|Any CPU.Build.0 = Debug|Any CPU
		{9832D7D3-0271-4F33-AFF2-4A06C4F2A239}.Release|Any CPU.ActiveCfg = Release|Any CPU
		{9832D7D3-0271-4F33-AFF2-4A06C4F2A239}.Release|Any CPU.Build.0 = Release|Any CPU
	EndGlobalSection
	GlobalSection(SolutionProperties) = preSolution
		HideSolutionNode = FALSE
	EndGlobalSection
	GlobalSection(ExtensibilityGlobals) = postSolution
		SolutionGuid = {04739A16-6EB4-464C-8497-B4FB6DCA4317}
	EndGlobalSection
EndGlobal
